// !$*UTF8*$!
{
	archiveVersion = 1;
	classes = {
	};
	objectVersion = 56;
	objects = {

/* Begin PBXBuildFile section */
		862BC1612B99B45F0075D6CC /* Alamofire in Frameworks */ = {isa = PBXBuildFile; productRef = 862BC1602B99B45F0075D6CC /* Alamofire */; };
		862BC1682B99E03C0075D6CC /* ZegoConnection.xcframework in Frameworks */ = {isa = PBXBuildFile; fileRef = 862BC1642B99B6510075D6CC /* ZegoConnection.xcframework */; };
		862BC1692B99E03C0075D6CC /* ZegoConnection.xcframework in Embed Frameworks */ = {isa = PBXBuildFile; fileRef = 862BC1642B99B6510075D6CC /* ZegoConnection.xcframework */; settings = {ATTRIBUTES = (CodeSignOnCopy, RemoveHeadersOnCopy, ); }; };
		862BC16A2B99E03E0075D6CC /* ZegoMiniGameEngine.xcframework in Frameworks */ = {isa = PBXBuildFile; fileRef = 862BC1652B99B6520075D6CC /* ZegoMiniGameEngine.xcframework */; };
		862BC16B2B99E03E0075D6CC /* ZegoMiniGameEngine.xcframework in Embed Frameworks */ = {isa = PBXBuildFile; fileRef = 862BC1652B99B6520075D6CC /* ZegoMiniGameEngine.xcframework */; settings = {ATTRIBUTES = (CodeSignOnCopy, RemoveHeadersOnCopy, ); }; };
		865E99D32B46655D005EF454 /* AppDelegate.swift in Sources */ = {isa = PBXBuildFile; fileRef = 865E99D22B46655D005EF454 /* AppDelegate.swift */; };
		865E99D52B46655D005EF454 /* SceneDelegate.swift in Sources */ = {isa = PBXBuildFile; fileRef = 865E99D42B46655D005EF454 /* SceneDelegate.swift */; };
		865E99D72B46655D005EF454 /* ViewController.swift in Sources */ = {isa = PBXBuildFile; fileRef = 865E99D62B46655D005EF454 /* ViewController.swift */; };
		865E99DA2B46655D005EF454 /* Main.storyboard in Resources */ = {isa = PBXBuildFile; fileRef = 865E99D82B46655D005EF454 /* Main.storyboard */; };
		865E99DC2B46655E005EF454 /* Assets.xcassets in Resources */ = {isa = PBXBuildFile; fileRef = 865E99DB2B46655E005EF454 /* Assets.xcassets */; };
		865E99DF2B46655E005EF454 /* LaunchScreen.storyboard in Resources */ = {isa = PBXBuildFile; fileRef = 865E99DD2B46655E005EF454 /* LaunchScreen.storyboard */; };
		86F3E8A92B95D3BD0004830B /* KeyCenter.swift in Sources */ = {isa = PBXBuildFile; fileRef = 86F3E8A82B95D3BD0004830B /* KeyCenter.swift */; };
		86F3E8AB2B95DAD00004830B /* ZegoRTCManager.swift in Sources */ = {isa = PBXBuildFile; fileRef = 86F3E8AA2B95DAD00004830B /* ZegoRTCManager.swift */; };
		86FC10E52B88A5AC00DA8631 /* ZegoExpressEngine.xcframework in Frameworks */ = {isa = PBXBuildFile; fileRef = 86FC10E32B88A5A500DA8631 /* ZegoExpressEngine.xcframework */; };
		86FC10E62B88A5AC00DA8631 /* ZegoExpressEngine.xcframework in Embed Frameworks */ = {isa = PBXBuildFile; fileRef = 86FC10E32B88A5A500DA8631 /* ZegoExpressEngine.xcframework */; settings = {ATTRIBUTES = (CodeSignOnCopy, RemoveHeadersOnCopy, ); }; };
		BF6F357B2B98C9A800C5685F /* GameViewContrroller.swift in Sources */ = {isa = PBXBuildFile; fileRef = BF6F357A2B98C9A800C5685F /* GameViewContrroller.swift */; };
		BF6F357D2B98CE8B00C5685F /* ZegoGameManager.swift in Sources */ = {isa = PBXBuildFile; fileRef = BF6F357C2B98CE8B00C5685F /* ZegoGameManager.swift */; };
/* End PBXBuildFile section */

/* Begin PBXCopyFilesBuildPhase section */
		86FC10E72B88A5AC00DA8631 /* Embed Frameworks */ = {
			isa = PBXCopyFilesBuildPhase;
			buildActionMask = 2147483647;
			dstPath = "";
			dstSubfolderSpec = 10;
			files = (
				862BC1692B99E03C0075D6CC /* ZegoConnection.xcframework in Embed Frameworks */,
				862BC16B2B99E03E0075D6CC /* ZegoMiniGameEngine.xcframework in Embed Frameworks */,
				86FC10E62B88A5AC00DA8631 /* ZegoExpressEngine.xcframework in Embed Frameworks */,
			);
			name = "Embed Frameworks";
			runOnlyForDeploymentPostprocessing = 0;
		};
/* End PBXCopyFilesBuildPhase section */

/* Begin PBXFileReference section */
		862BC1642B99B6510075D6CC /* ZegoConnection.xcframework */ = {isa = PBXFileReference; lastKnownFileType = wrapper.xcframework; path = ZegoConnection.xcframework; sourceTree = "<group>"; };
		862BC1652B99B6520075D6CC /* ZegoMiniGameEngine.xcframework */ = {isa = PBXFileReference; lastKnownFileType = wrapper.xcframework; path = ZegoMiniGameEngine.xcframework; sourceTree = "<group>"; };
		865E99CF2B46655D005EF454 /* minigame.app */ = {isa = PBXFileReference; explicitFileType = wrapper.application; includeInIndex = 0; path = minigame.app; sourceTree = BUILT_PRODUCTS_DIR; };
		865E99D22B46655D005EF454 /* AppDelegate.swift */ = {isa = PBXFileReference; lastKnownFileType = sourcecode.swift; path = AppDelegate.swift; sourceTree = "<group>"; };
		865E99D42B46655D005EF454 /* SceneDelegate.swift */ = {isa = PBXFileReference; lastKnownFileType = sourcecode.swift; path = SceneDelegate.swift; sourceTree = "<group>"; };
		865E99D62B46655D005EF454 /* ViewController.swift */ = {isa = PBXFileReference; lastKnownFileType = sourcecode.swift; path = ViewController.swift; sourceTree = "<group>"; };
		865E99D92B46655D005EF454 /* Base */ = {isa = PBXFileReference; lastKnownFileType = file.storyboard; name = Base; path = Base.lproj/Main.storyboard; sourceTree = "<group>"; };
		865E99DB2B46655E005EF454 /* Assets.xcassets */ = {isa = PBXFileReference; lastKnownFileType = folder.assetcatalog; path = Assets.xcassets; sourceTree = "<group>"; };
		865E99DE2B46655E005EF454 /* Base */ = {isa = PBXFileReference; lastKnownFileType = file.storyboard; name = Base; path = Base.lproj/LaunchScreen.storyboard; sourceTree = "<group>"; };
		865E99E02B46655E005EF454 /* Info.plist */ = {isa = PBXFileReference; lastKnownFileType = text.plist.xml; path = Info.plist; sourceTree = "<group>"; };
		86F3E8A82B95D3BD0004830B /* KeyCenter.swift */ = {isa = PBXFileReference; lastKnownFileType = sourcecode.swift; path = KeyCenter.swift; sourceTree = "<group>"; };
		86F3E8AA2B95DAD00004830B /* ZegoRTCManager.swift */ = {isa = PBXFileReference; lastKnownFileType = sourcecode.swift; path = ZegoRTCManager.swift; sourceTree = "<group>"; };
		86FC10E32B88A5A500DA8631 /* ZegoExpressEngine.xcframework */ = {isa = PBXFileReference; lastKnownFileType = wrapper.xcframework; path = ZegoExpressEngine.xcframework; sourceTree = "<group>"; };
		BF6F357A2B98C9A800C5685F /* GameViewContrroller.swift */ = {isa = PBXFileReference; fileEncoding = 4; lastKnownFileType = sourcecode.swift; path = GameViewContrroller.swift; sourceTree = "<group>"; };
		BF6F357C2B98CE8B00C5685F /* ZegoGameManager.swift */ = {isa = PBXFileReference; lastKnownFileType = sourcecode.swift; path = ZegoGameManager.swift; sourceTree = "<group>"; };
/* End PBXFileReference section */

/* Begin PBXFrameworksBuildPhase section */
		865E99CC2B46655D005EF454 /* Frameworks */ = {
			isa = PBXFrameworksBuildPhase;
			buildActionMask = 2147483647;
			files = (
				86FC10E52B88A5AC00DA8631 /* ZegoExpressEngine.xcframework in Frameworks */,
				862BC1612B99B45F0075D6CC /* Alamofire in Frameworks */,
				862BC1682B99E03C0075D6CC /* ZegoConnection.xcframework in Frameworks */,
				862BC16A2B99E03E0075D6CC /* ZegoMiniGameEngine.xcframework in Frameworks */,
			);
			runOnlyForDeploymentPostprocessing = 0;
		};
/* End PBXFrameworksBuildPhase section */

/* Begin PBXGroup section */
		865E99C62B46655D005EF454 = {
			isa = PBXGroup;
			children = (
				865E99D12B46655D005EF454 /* minigame */,
				865E99D02B46655D005EF454 /* Products */,
			);
			sourceTree = "<group>";
		};
		865E99D02B46655D005EF454 /* Products */ = {
			isa = PBXGroup;
			children = (
				865E99CF2B46655D005EF454 /* minigame.app */,
			);
			name = Products;
			sourceTree = "<group>";
		};
		865E99D12B46655D005EF454 /* minigame */ = {
			isa = PBXGroup;
			children = (
				862BC1642B99B6510075D6CC /* ZegoConnection.xcframework */,
				862BC1652B99B6520075D6CC /* ZegoMiniGameEngine.xcframework */,
				BF6F357A2B98C9A800C5685F /* GameViewContrroller.swift */,
				86F3E8A22B95D3230004830B /* Tool */,
				86FC10E22B88A58E00DA8631 /* lib */,
				865E99D22B46655D005EF454 /* AppDelegate.swift */,
				865E99D42B46655D005EF454 /* SceneDelegate.swift */,
				865E99D62B46655D005EF454 /* ViewController.swift */,
				86F3E8AA2B95DAD00004830B /* ZegoRTCManager.swift */,
				865E99D82B46655D005EF454 /* Main.storyboard */,
				865E99DB2B46655E005EF454 /* Assets.xcassets */,
				865E99DD2B46655E005EF454 /* LaunchScreen.storyboard */,
				865E99E02B46655E005EF454 /* Info.plist */,
				BF6F357C2B98CE8B00C5685F /* ZegoGameManager.swift */,
			);
			path = minigame;
			sourceTree = "<group>";
		};
		86F3E8A22B95D3230004830B /* Tool */ = {
			isa = PBXGroup;
			children = (
				86F3E8A82B95D3BD0004830B /* KeyCenter.swift */,
			);
			path = Tool;
			sourceTree = "<group>";
		};
		86FC10E22B88A58E00DA8631 /* lib */ = {
			isa = PBXGroup;
			children = (
				86FC10E32B88A5A500DA8631 /* ZegoExpressEngine.xcframework */,
			);
			path = lib;
			sourceTree = "<group>";
		};
/* End PBXGroup section */

/* Begin PBXNativeTarget section */
		865E99CE2B46655D005EF454 /* minigame */ = {
			isa = PBXNativeTarget;
			buildConfigurationList = 865E99E32B46655E005EF454 /* Build configuration list for PBXNativeTarget "minigame" */;
			buildPhases = (
				865E99CB2B46655D005EF454 /* Sources */,
				865E99CC2B46655D005EF454 /* Frameworks */,
				865E99CD2B46655D005EF454 /* Resources */,
				86FC10E72B88A5AC00DA8631 /* Embed Frameworks */,
			);
			buildRules = (
			);
			dependencies = (
			);
			name = minigame;
			packageProductDependencies = (
				862BC1602B99B45F0075D6CC /* Alamofire */,
			);
			productName = minigame;
			productReference = 865E99CF2B46655D005EF454 /* minigame.app */;
			productType = "com.apple.product-type.application";
		};
/* End PBXNativeTarget section */

/* Begin PBXProject section */
		865E99C72B46655D005EF454 /* Project object */ = {
			isa = PBXProject;
			attributes = {
				BuildIndependentTargetsInParallel = 1;
				LastSwiftUpdateCheck = 1510;
				LastUpgradeCheck = 1510;
				TargetAttributes = {
					865E99CE2B46655D005EF454 = {
						CreatedOnToolsVersion = 15.1;
					};
				};
			};
			buildConfigurationList = 865E99CA2B46655D005EF454 /* Build configuration list for PBXProject "minigame" */;
			compatibilityVersion = "Xcode 14.0";
			developmentRegion = en;
			hasScannedForEncodings = 0;
			knownRegions = (
				en,
				Base,
			);
			mainGroup = 865E99C62B46655D005EF454;
			packageReferences = (
				862BC15F2B99B45F0075D6CC /* XCRemoteSwiftPackageReference "Alamofire" */,
			);
			productRefGroup = 865E99D02B46655D005EF454 /* Products */;
			projectDirPath = "";
			projectRoot = "";
			targets = (
				865E99CE2B46655D005EF454 /* minigame */,
			);
		};
/* End PBXProject section */

/* Begin PBXResourcesBuildPhase section */
		865E99CD2B46655D005EF454 /* Resources */ = {
			isa = PBXResourcesBuildPhase;
			buildActionMask = 2147483647;
			files = (
				865E99DF2B46655E005EF454 /* LaunchScreen.storyboard in Resources */,
				865E99DC2B46655E005EF454 /* Assets.xcassets in Resources */,
				865E99DA2B46655D005EF454 /* Main.storyboard in Resources */,
			);
			runOnlyForDeploymentPostprocessing = 0;
		};
/* End PBXResourcesBuildPhase section */

/* Begin PBXSourcesBuildPhase section */
		865E99CB2B46655D005EF454 /* Sources */ = {
			isa = PBXSourcesBuildPhase;
			buildActionMask = 2147483647;
			files = (
				86F3E8AB2B95DAD00004830B /* ZegoRTCManager.swift in Sources */,
				BF6F357B2B98C9A800C5685F /* GameViewContrroller.swift in Sources */,
				BF6F357D2B98CE8B00C5685F /* ZegoGameManager.swift in Sources */,
				86F3E8A92B95D3BD0004830B /* KeyCenter.swift in Sources */,
				865E99D72B46655D005EF454 /* ViewController.swift in Sources */,
				865E99D32B46655D005EF454 /* AppDelegate.swift in Sources */,
				865E99D52B46655D005EF454 /* SceneDelegate.swift in Sources */,
			);
			runOnlyForDeploymentPostprocessing = 0;
		};
/* End PBXSourcesBuildPhase section */

/* Begin PBXVariantGroup section */
		865E99D82B46655D005EF454 /* Main.storyboard */ = {
			isa = PBXVariantGroup;
			children = (
				865E99D92B46655D005EF454 /* Base */,
			);
			name = Main.storyboard;
			sourceTree = "<group>";
		};
		865E99DD2B46655E005EF454 /* LaunchScreen.storyboard */ = {
			isa = PBXVariantGroup;
			children = (
				865E99DE2B46655E005EF454 /* Base */,
			);
			name = LaunchScreen.storyboard;
			sourceTree = "<group>";
		};
/* End PBXVariantGroup section */

/* Begin XCBuildConfiguration section */
		865E99E12B46655E005EF454 /* Debug */ = {
			isa = XCBuildConfiguration;
			buildSettings = {
				ALWAYS_SEARCH_USER_PATHS = NO;
				ASSETCATALOG_COMPILER_GENERATE_SWIFT_ASSET_SYMBOL_EXTENSIONS = YES;
				CLANG_ANALYZER_NONNULL = YES;
				CLANG_ANALYZER_NUMBER_OBJECT_CONVERSION = YES_AGGRESSIVE;
				CLANG_CXX_LANGUAGE_STANDARD = "gnu++20";
				CLANG_ENABLE_MODULES = YES;
				CLANG_ENABLE_OBJC_ARC = YES;
				CLANG_ENABLE_OBJC_WEAK = YES;
				CLANG_WARN_BLOCK_CAPTURE_AUTORELEASING = YES;
				CLANG_WARN_BOOL_CONVERSION = YES;
				CLANG_WARN_COMMA = YES;
				CLANG_WARN_CONSTANT_CONVERSION = YES;
				CLANG_WARN_DEPRECATED_OBJC_IMPLEMENTATIONS = YES;
				CLANG_WARN_DIRECT_OBJC_ISA_USAGE = YES_ERROR;
				CLANG_WARN_DOCUMENTATION_COMMENTS = YES;
				CLANG_WARN_EMPTY_BODY = YES;
				CLANG_WARN_ENUM_CONVERSION = YES;
				CLANG_WARN_INFINITE_RECURSION = YES;
				CLANG_WARN_INT_CONVERSION = YES;
				CLANG_WARN_NON_LITERAL_NULL_CONVERSION = YES;
				CLANG_WARN_OBJC_IMPLICIT_RETAIN_SELF = YES;
				CLANG_WARN_OBJC_LITERAL_CONVERSION = YES;
				CLANG_WARN_OBJC_ROOT_CLASS = YES_ERROR;
				CLANG_WARN_QUOTED_INCLUDE_IN_FRAMEWORK_HEADER = YES;
				CLANG_WARN_RANGE_LOOP_ANALYSIS = YES;
				CLANG_WARN_STRICT_PROTOTYPES = YES;
				CLANG_WARN_SUSPICIOUS_MOVE = YES;
				CLANG_WARN_UNGUARDED_AVAILABILITY = YES_AGGRESSIVE;
				CLANG_WARN_UNREACHABLE_CODE = YES;
				CLANG_WARN__DUPLICATE_METHOD_MATCH = YES;
				COPY_PHASE_STRIP = NO;
				DEBUG_INFORMATION_FORMAT = dwarf;
				ENABLE_STRICT_OBJC_MSGSEND = YES;
				ENABLE_TESTABILITY = YES;
				ENABLE_USER_SCRIPT_SANDBOXING = YES;
				GCC_C_LANGUAGE_STANDARD = gnu17;
				GCC_DYNAMIC_NO_PIC = NO;
				GCC_NO_COMMON_BLOCKS = YES;
				GCC_OPTIMIZATION_LEVEL = 0;
				GCC_PREPROCESSOR_DEFINITIONS = (
					"DEBUG=1",
					"$(inherited)",
				);
				GCC_WARN_64_TO_32_BIT_CONVERSION = YES;
				GCC_WARN_ABOUT_RETURN_TYPE = YES_ERROR;
				GCC_WARN_UNDECLARED_SELECTOR = YES;
				GCC_WARN_UNINITIALIZED_AUTOS = YES_AGGRESSIVE;
				GCC_WARN_UNUSED_FUNCTION = YES;
				GCC_WARN_UNUSED_VARIABLE = YES;
				IPHONEOS_DEPLOYMENT_TARGET = 17.2;
				LOCALIZATION_PREFERS_STRING_CATALOGS = YES;
				MTL_ENABLE_DEBUG_INFO = INCLUDE_SOURCE;
				MTL_FAST_MATH = YES;
				ONLY_ACTIVE_ARCH = YES;
				SDKROOT = iphoneos;
				SWIFT_ACTIVE_COMPILATION_CONDITIONS = "DEBUG $(inherited)";
				SWIFT_OPTIMIZATION_LEVEL = "-Onone";
			};
			name = Debug;
		};
		865E99E22B46655E005EF454 /* Release */ = {
			isa = XCBuildConfiguration;
			buildSettings = {
				ALWAYS_SEARCH_USER_PATHS = NO;
				ASSETCATALOG_COMPILER_GENERATE_SWIFT_ASSET_SYMBOL_EXTENSIONS = YES;
				CLANG_ANALYZER_NONNULL = YES;
				CLANG_ANALYZER_NUMBER_OBJECT_CONVERSION = YES_AGGRESSIVE;
				CLANG_CXX_LANGUAGE_STANDARD = "gnu++20";
				CLANG_ENABLE_MODULES = YES;
				CLANG_ENABLE_OBJC_ARC = YES;
				CLANG_ENABLE_OBJC_WEAK = YES;
				CLANG_WARN_BLOCK_CAPTURE_AUTORELEASING = YES;
				CLANG_WARN_BOOL_CONVERSION = YES;
				CLANG_WARN_COMMA = YES;
				CLANG_WARN_CONSTANT_CONVERSION = YES;
				CLANG_WARN_DEPRECATED_OBJC_IMPLEMENTATIONS = YES;
				CLANG_WARN_DIRECT_OBJC_ISA_USAGE = YES_ERROR;
				CLANG_WARN_DOCUMENTATION_COMMENTS = YES;
				CLANG_WARN_EMPTY_BODY = YES;
				CLANG_WARN_ENUM_CONVERSION = YES;
				CLANG_WARN_INFINITE_RECURSION = YES;
				CLANG_WARN_INT_CONVERSION = YES;
				CLANG_WARN_NON_LITERAL_NULL_CONVERSION = YES;
				CLANG_WARN_OBJC_IMPLICIT_RETAIN_SELF = YES;
				CLANG_WARN_OBJC_LITERAL_CONVERSION = YES;
				CLANG_WARN_OBJC_ROOT_CLASS = YES_ERROR;
				CLANG_WARN_QUOTED_INCLUDE_IN_FRAMEWORK_HEADER = YES;
				CLANG_WARN_RANGE_LOOP_ANALYSIS = YES;
				CLANG_WARN_STRICT_PROTOTYPES = YES;
				CLANG_WARN_SUSPICIOUS_MOVE = YES;
				CLANG_WARN_UNGUARDED_AVAILABILITY = YES_AGGRESSIVE;
				CLANG_WARN_UNREACHABLE_CODE = YES;
				CLANG_WARN__DUPLICATE_METHOD_MATCH = YES;
				COPY_PHASE_STRIP = NO;
				DEBUG_INFORMATION_FORMAT = "dwarf-with-dsym";
				ENABLE_NS_ASSERTIONS = NO;
				ENABLE_STRICT_OBJC_MSGSEND = YES;
				ENABLE_USER_SCRIPT_SANDBOXING = YES;
				GCC_C_LANGUAGE_STANDARD = gnu17;
				GCC_NO_COMMON_BLOCKS = YES;
				GCC_WARN_64_TO_32_BIT_CONVERSION = YES;
				GCC_WARN_ABOUT_RETURN_TYPE = YES_ERROR;
				GCC_WARN_UNDECLARED_SELECTOR = YES;
				GCC_WARN_UNINITIALIZED_AUTOS = YES_AGGRESSIVE;
				GCC_WARN_UNUSED_FUNCTION = YES;
				GCC_WARN_UNUSED_VARIABLE = YES;
				IPHONEOS_DEPLOYMENT_TARGET = 17.2;
				LOCALIZATION_PREFERS_STRING_CATALOGS = YES;
				MTL_ENABLE_DEBUG_INFO = NO;
				MTL_FAST_MATH = YES;
				SDKROOT = iphoneos;
				SWIFT_COMPILATION_MODE = wholemodule;
				VALIDATE_PRODUCT = YES;
			};
			name = Release;
		};
		865E99E42B46655E005EF454 /* Debug */ = {
			isa = XCBuildConfiguration;
			buildSettings = {
				ASSETCATALOG_COMPILER_APPICON_NAME = AppIcon;
				ASSETCATALOG_COMPILER_GLOBAL_ACCENT_COLOR_NAME = AccentColor;
				CODE_SIGN_STYLE = Automatic;
				CURRENT_PROJECT_VERSION = 1;
				DEVELOPMENT_TEAM = W8MN6GY324;
				GENERATE_INFOPLIST_FILE = YES;
				INFOPLIST_FILE = minigame/Info.plist;
				INFOPLIST_KEY_UIApplicationSupportsIndirectInputEvents = YES;
				INFOPLIST_KEY_UILaunchStoryboardName = LaunchScreen;
				INFOPLIST_KEY_UIMainStoryboardFile = Main;
				INFOPLIST_KEY_UISupportedInterfaceOrientations_iPad = "UIInterfaceOrientationPortrait UIInterfaceOrientationPortraitUpsideDown UIInterfaceOrientationLandscapeLeft UIInterfaceOrientationLandscapeRight";
				INFOPLIST_KEY_UISupportedInterfaceOrientations_iPhone = "UIInterfaceOrientationPortrait UIInterfaceOrientationLandscapeLeft UIInterfaceOrientationLandscapeRight";
				IPHONEOS_DEPLOYMENT_TARGET = 15.0;
				LD_RUNPATH_SEARCH_PATHS = (
					"$(inherited)",
					"@executable_path/Frameworks",
				);
				MARKETING_VERSION = 1.0;
				PRODUCT_BUNDLE_IDENTIFIER = im.zego.hors.minigame;
				PRODUCT_NAME = "$(TARGET_NAME)";
				SWIFT_EMIT_LOC_STRINGS = YES;
				SWIFT_VERSION = 5.0;
				TARGETED_DEVICE_FAMILY = "1,2";
			};
			name = Debug;
		};
		865E99E52B46655E005EF454 /* Release */ = {
			isa = XCBuildConfiguration;
			buildSettings = {
				ASSETCATALOG_COMPILER_APPICON_NAME = AppIcon;
				ASSETCATALOG_COMPILER_GLOBAL_ACCENT_COLOR_NAME = AccentColor;
				CODE_SIGN_STYLE = Automatic;
				CURRENT_PROJECT_VERSION = 1;
				DEVELOPMENT_TEAM = W8MN6GY324;
				GENERATE_INFOPLIST_FILE = YES;
				INFOPLIST_FILE = minigame/Info.plist;
				INFOPLIST_KEY_UIApplicationSupportsIndirectInputEvents = YES;
				INFOPLIST_KEY_UILaunchStoryboardName = LaunchScreen;
				INFOPLIST_KEY_UIMainStoryboardFile = Main;
				INFOPLIST_KEY_UISupportedInterfaceOrientations_iPad = "UIInterfaceOrientationPortrait UIInterfaceOrientationPortraitUpsideDown UIInterfaceOrientationLandscapeLeft UIInterfaceOrientationLandscapeRight";
				INFOPLIST_KEY_UISupportedInterfaceOrientations_iPhone = "UIInterfaceOrientationPortrait UIInterfaceOrientationLandscapeLeft UIInterfaceOrientationLandscapeRight";
				IPHONEOS_DEPLOYMENT_TARGET = 15.0;
				LD_RUNPATH_SEARCH_PATHS = (
					"$(inherited)",
					"@executable_path/Frameworks",
				);
				MARKETING_VERSION = 1.0;
				PRODUCT_BUNDLE_IDENTIFIER = im.zego.hors.minigame;
				PRODUCT_NAME = "$(TARGET_NAME)";
				SWIFT_EMIT_LOC_STRINGS = YES;
				SWIFT_VERSION = 5.0;
				TARGETED_DEVICE_FAMILY = "1,2";
			};
			name = Release;
		};
/* End XCBuildConfiguration section */

/* Begin XCConfigurationList section */
		865E99CA2B46655D005EF454 /* Build configuration list for PBXProject "minigame" */ = {
			isa = XCConfigurationList;
			buildConfigurations = (
				865E99E12B46655E005EF454 /* Debug */,
				865E99E22B46655E005EF454 /* Release */,
			);
			defaultConfigurationIsVisible = 0;
			defaultConfigurationName = Release;
		};
		865E99E32B46655E005EF454 /* Build configuration list for PBXNativeTarget "minigame" */ = {
			isa = XCConfigurationList;
			buildConfigurations = (
				865E99E42B46655E005EF454 /* Debug */,
				865E99E52B46655E005EF454 /* Release */,
			);
			defaultConfigurationIsVisible = 0;
			defaultConfigurationName = Release;
		};
/* End XCConfigurationList section */

/* Begin XCRemoteSwiftPackageReference section */
		862BC15F2B99B45F0075D6CC /* XCRemoteSwiftPackageReference "Alamofire" */ = {
			isa = XCRemoteSwiftPackageReference;
			repositoryURL = "https://github.com/Alamofire/Alamofire.git";
			requirement = {
				kind = upToNextMajorVersion;
				minimumVersion = 5.9.0;
			};
		};
/* End XCRemoteSwiftPackageReference section */

/* Begin XCSwiftPackageProductDependency section */
		862BC1602B99B45F0075D6CC /* Alamofire */ = {
			isa = XCSwiftPackageProductDependency;
			package = 862BC15F2B99B45F0075D6CC /* XCRemoteSwiftPackageReference "Alamofire" */;
			productName = Alamofire;
		};
/* End XCSwiftPackageProductDependency section */
	};
	rootObject = 865E99C72B46655D005EF454 /* Project object */;
}
